
Microsoft Visual Studio Solution File, Format Version 12.00
# Visual Studio 15
Project("{FAE04EC0-301F-11D3-BF4B-00C04F79EFBC}") = "TicketGenerator", "TicketGenerator\TicketGenerator.csproj", "{9AB6641C-1F75-4098-A45D-8474191EF5C5}"
EndProject
Project("{FAE04EC0-301F-11D3-BF4B-00C04F79EFBC}") = "TicketGenerator.Tests", "TicketGenerator.Tests\TicketGenerator.Tests.csproj", "{4555F8EA-037C-43BA-A403-B523CAE3D81B}"
EndProject
Global
	GlobalSection(SolutionConfigurationPlatforms) = preSolution
		Debug|Any CPU = Debug|Any CPU
		Release|Any CPU = Release|Any CPU
	EndGlobalSection
	GlobalSection(ProjectConfigurationPlatforms) = postSolution
		{9AB6641C-1F75-4098-A45D-8474191EF5C5}.Debug|Any CPU.ActiveCfg = Debug|Any CPU
		{9AB6641C-1F75-4098-A45D-8474191EF5C5}.Debug|Any CPU.Build.0 = Debug|Any CPU
		{9AB6641C-1F75-4098-A45D-8474191EF5C5}.Release|Any CPU.ActiveCfg = Release|Any CPU
		{9AB6641C-1F75-4098-A45D-8474191EF5C5}.Release|Any CPU.Build.0 = Release|Any CPU
		{4555F8EA-037C-43BA-A403-B523CAE3D81B}.Debug|Any CPU.ActiveCfg = Debug|Any CPU
		{4555F8EA-037C-43BA-A403-B523CAE3D81B}.Debug|Any CPU.Build.0 = Debug|Any CPU
		{4555F8EA-037C-43BA-A403-B523CAE3D81B}.Release|Any CPU.ActiveCfg = Release|Any CPU
		{4555F8EA-037C-43BA-A403-B523CAE3D81B}.Release|Any CPU.Build.0 = Release|Any CPU
	EndGlobalSection
EndGlobal
